<?xml version="1.0" encoding="utf-8"?>
<Project ToolsVersion="4.0" xmlns="http://schemas.microsoft.com/developer/msbuild/2003">
  <ItemGroup>
    <Filter Include="Source Files">
      <UniqueIdentifier>{4FC737F1-C7A5-4376-A066-2A32D752A2FF}</UniqueIdentifier>
      <Extensions>cpp;c;cc;cxx;c++;cppm;ixx;def;odl;idl;hpj;bat;asm;asmx</Extensions>
    </Filter>
    <Filter Include="Header Files">
      <UniqueIdentifier>{93995380-89BD-4b04-88EB-625FBE52EBFB}</UniqueIdentifier>
      <Extensions>h;hh;hpp;hxx;h++;hm;inl;inc;ipp;xsd</Extensions>
    </Filter>
    <Filter Include="Resource Files">
      <UniqueIdentifier>{67DA6AB6-F800-4c08-8B7A-83BB121AAD01}</UniqueIdentifier>
      <Extensions>rc;ico;cur;bmp;dlg;rc2;rct;bin;rgs;gif;jpg;jpeg;jpe;resx;tiff;tif;png;wav;mfcribbon-ms</Extensions>
    </Filter>
  </ItemGroup>
  <ItemGroup>
    <ClCompile Include="Play-Matrix 2.0.cpp">
      <Filter>Source Files</Filter>
    </ClCompile>
    <ClCompile Include="HangMan\AsciiHangmanDrawing.cpp">
      <Filter>Source Files</Filter>
    </ClCompile>
    <ClCompile Include="HangMan\Display.cpp">
      <Filter>Source Files</Filter>
    </ClCompile>
    <ClCompile Include="HangMan\GameFlow.cpp">
      <Filter>Source Files</Filter>
    </ClCompile>
    <ClCompile Include="HangMan\GameManager.cpp">
      <Filter>Source Files</Filter>
    </ClCompile>
    <ClCompile Include="HangMan\GameRecord.cpp">
      <Filter>Source Files</Filter>
    </ClCompile>
    <ClCompile Include="HangMan\HangmanDrawing.cpp">
      <Filter>Source Files</Filter>
    </ClCompile>
    <ClCompile Include="HangMan\HangMan.cpp">
      <Filter>Source Files</Filter>
    </ClCompile>
    <ClCompile Include="HangMan\Player.cpp">
      <Filter>Source Files</Filter>
    </ClCompile>
    <ClCompile Include="HangMan\UserProfile.cpp">
      <Filter>Source Files</Filter>
    </ClCompile>
    <ClCompile Include="HangMan\Wordbank.cpp">
      <Filter>Source Files</Filter>
    </ClCompile>
    <ClCompile Include="Snake Game\Fruit.cpp">
      <Filter>Source Files</Filter>
    </ClCompile>
    <ClCompile Include="Snake Game\Game_manager.cpp">
      <Filter>Source Files</Filter>
    </ClCompile>
    <ClCompile Include="Snake Game\GameObject.cpp">
      <Filter>Source Files</Filter>
    </ClCompile>
    <ClCompile Include="Snake Game\ScoreBoard.cpp">
      <Filter>Source Files</Filter>
    </ClCompile>
    <ClCompile Include="Snake Game\Snake.cpp">
      <Filter>Source Files</Filter>
    </ClCompile>
    <ClCompile Include="Snake Game\Snake_Game.cpp">
      <Filter>Source Files</Filter>
    </ClCompile>
    <ClCompile Include="Space_Shooter\Bullets.cpp">
      <Filter>Source Files</Filter>
    </ClCompile>
    <ClCompile Include="Space_Shooter\Console.cpp">
      <Filter>Source Files</Filter>
    </ClCompile>
    <ClCompile Include="Space_Shooter\Enemies.cpp">
      <Filter>Source Files</Filter>
    </ClCompile>
    <ClCompile Include="Space_Shooter\Game_Manage.cpp">
      <Filter>Source Files</Filter>
    </ClCompile>
    <ClCompile Include="Space_Shooter\Game_objects.cpp">
      <Filter>Source Files</Filter>
    </ClCompile>
    <ClCompile Include="Space_Shooter\Ship.cpp">
      <Filter>Source Files</Filter>
    </ClCompile>
    <ClCompile Include="Space_Shooter\Space-Shooter.cpp">
      <Filter>Source Files</Filter>
    </ClCompile>
  </ItemGroup>
  <ItemGroup>
    <ClInclude Include="HangMan\AsciiHangmanDrawing.h">
      <Filter>Header Files</Filter>
    </ClInclude>
    <ClInclude Include="HangMan\Display.h">
      <Filter>Header Files</Filter>
    </ClInclude>
    <ClInclude Include="HangMan\GameFlow.h">
      <Filter>Header Files</Filter>
    </ClInclude>
    <ClInclude Include="HangMan\GameManager.h">
      <Filter>Header Files</Filter>
    </ClInclude>
    <ClInclude Include="HangMan\GameRecord.h">
      <Filter>Header Files</Filter>
    </ClInclude>
    <ClInclude Include="HangMan\HangmanDrawing.h">
      <Filter>Header Files</Filter>
    </ClInclude>
    <ClInclude Include="HangMan\Player.h">
      <Filter>Header Files</Filter>
    </ClInclude>
    <ClInclude Include="HangMan\UserProfile.h">
      <Filter>Header Files</Filter>
    </ClInclude>
    <ClInclude Include="HangMan\Wordbank.h">
      <Filter>Header Files</Filter>
    </ClInclude>
    <ClInclude Include="HangMan\HangMan.h">
      <Filter>Header Files</Filter>
    </ClInclude>
    <ClInclude Include="Snake Game\Fruit.h">
      <Filter>Header Files</Filter>
    </ClInclude>
    <ClInclude Include="Snake Game\Game_manager.h">
      <Filter>Header Files</Filter>
    </ClInclude>
    <ClInclude Include="Snake Game\GameObject.h">
      <Filter>Header Files</Filter>
    </ClInclude>
    <ClInclude Include="Snake Game\ScoreBoard.h">
      <Filter>Header Files</Filter>
    </ClInclude>
    <ClInclude Include="Snake Game\Snake.h">
      <Filter>Header Files</Filter>
    </ClInclude>
    <ClInclude Include="Snake Game\Snake_Game.h">
      <Filter>Header Files</Filter>
    </ClInclude>
    <ClInclude Include="Space_Shooter\Bullets.h">
      <Filter>Header Files</Filter>
    </ClInclude>
    <ClInclude Include="Space_Shooter\Console.h">
      <Filter>Header Files</Filter>
    </ClInclude>
    <ClInclude Include="Space_Shooter\Enemies.h">
      <Filter>Header Files</Filter>
    </ClInclude>
    <ClInclude Include="Space_Shooter\Game_Manage.h">
      <Filter>Header Files</Filter>
    </ClInclude>
    <ClInclude Include="Space_Shooter\Game_objects.h">
      <Filter>Header Files</Filter>
    </ClInclude>
    <ClInclude Include="Space_Shooter\player.h">
      <Filter>Header Files</Filter>
    </ClInclude>
    <ClInclude Include="Space_Shooter\Ship.h">
      <Filter>Header Files</Filter>
    </ClInclude>
    <ClInclude Include="Space_Shooter\Space_Shooter.h">
      <Filter>Header Files</Filter>
    </ClInclude>
  </ItemGroup>
</Project>